
Microsoft Visual Studio Solution File, Format Version 12.00
# Visual Studio 15
VisualStudioVersion = 15.0.27703.2047
MinimumVisualStudioVersion = 10.0.40219.1
Project("{FAE04EC0-301F-11D3-BF4B-00C04F79EFBC}") = "SingleInheritance", "SingleInheritance\SingleInheritance.csproj", "{6693ACFA-2220-4645-B2F8-59FD4BF4F850}"
EndProject
Project("{FAE04EC0-301F-11D3-BF4B-00C04F79EFBC}") = "RandomListProject", "RandomListProject\RandomListProject.csproj", "{5E079B2C-22CE-4A36-BD22-7B7678C9C1A8}"
EndProject
Global
	GlobalSection(SolutionConfigurationPlatforms) = preSolution
		Debug|Any CPU = Debug|Any CPU
		Release|Any CPU = Release|Any CPU
	EndGlobalSection
	GlobalSection(ProjectConfigurationPlatforms) = postSolution
		{6693ACFA-2220-4645-B2F8-59FD4BF4F850}.Debug|Any CPU.ActiveCfg = Debug|Any CPU
		{6693ACFA-2220-4645-B2F8-59FD4BF4F850}.Debug|Any CPU.Build.0 = Debug|Any CPU
		{6693ACFA-2220-4645-B2F8-59FD4BF4F850}.Release|Any CPU.ActiveCfg = Release|Any CPU
		{6693ACFA-2220-4645-B2F8-59FD4BF4F850}.Release|Any CPU.Build.0 = Release|Any CPU
		{5E079B2C-22CE-4A36-BD22-7B7678C9C1A8}.Debug|Any CPU.ActiveCfg = Debug|Any CPU
		{5E079B2C-22CE-4A36-BD22-7B7678C9C1A8}.Debug|Any CPU.Build.0 = Debug|Any CPU
		{5E079B2C-22CE-4A36-BD22-7B7678C9C1A8}.Release|Any CPU.ActiveCfg = Release|Any CPU
		{5E079B2C-22CE-4A36-BD22-7B7678C9C1A8}.Release|Any CPU.Build.0 = Release|Any CPU
	EndGlobalSection
	GlobalSection(SolutionProperties) = preSolution
		HideSolutionNode = FALSE
	EndGlobalSection
	GlobalSection(ExtensibilityGlobals) = postSolution
		SolutionGuid = {AAF38A22-6D69-490A-8C9A-412507650A93}
	EndGlobalSection
EndGlobal
