
Microsoft Visual Studio Solution File, Format Version 12.00
# Visual Studio 15
VisualStudioVersion = 15.0.27428.2037
MinimumVisualStudioVersion = 10.0.40219.1
Project("{9A19103F-16F7-4668-BE54-9A1E7A4F7556}") = "Padawan Equipment", "Padawan Equipment\Padawan Equipment.csproj", "{F5B601F3-2211-46E9-B5B8-08C47E03B41F}"
EndProject
Project("{9A19103F-16F7-4668-BE54-9A1E7A4F7556}") = "Kamino Factory", "Kamino Factory\Kamino Factory.csproj", "{D6A2A1B6-EFAF-4F67-90BB-17425E95EF38}"
EndProject
Project("{FAE04EC0-301F-11D3-BF4B-00C04F79EFBC}") = "Force Book", "Force Book\Force Book.csproj", "{DADA853B-379D-489C-B6DE-C59173C95D02}"
EndProject
Project("{FAE04EC0-301F-11D3-BF4B-00C04F79EFBC}") = "Star Enigma", "Star Enigma\Star Enigma.csproj", "{BA6753F9-6436-408B-A21A-5F817CE51700}"
EndProject
Global
	GlobalSection(SolutionConfigurationPlatforms) = preSolution
		Debug|Any CPU = Debug|Any CPU
		Release|Any CPU = Release|Any CPU
	EndGlobalSection
	GlobalSection(ProjectConfigurationPlatforms) = postSolution
		{F5B601F3-2211-46E9-B5B8-08C47E03B41F}.Debug|Any CPU.ActiveCfg = Debug|Any CPU
		{F5B601F3-2211-46E9-B5B8-08C47E03B41F}.Debug|Any CPU.Build.0 = Debug|Any CPU
		{F5B601F3-2211-46E9-B5B8-08C47E03B41F}.Release|Any CPU.ActiveCfg = Release|Any CPU
		{F5B601F3-2211-46E9-B5B8-08C47E03B41F}.Release|Any CPU.Build.0 = Release|Any CPU
		{D6A2A1B6-EFAF-4F67-90BB-17425E95EF38}.Debug|Any CPU.ActiveCfg = Debug|Any CPU
		{D6A2A1B6-EFAF-4F67-90BB-17425E95EF38}.Debug|Any CPU.Build.0 = Debug|Any CPU
		{D6A2A1B6-EFAF-4F67-90BB-17425E95EF38}.Release|Any CPU.ActiveCfg = Release|Any CPU
		{D6A2A1B6-EFAF-4F67-90BB-17425E95EF38}.Release|Any CPU.Build.0 = Release|Any CPU
		{DADA853B-379D-489C-B6DE-C59173C95D02}.Debug|Any CPU.ActiveCfg = Debug|Any CPU
		{DADA853B-379D-489C-B6DE-C59173C95D02}.Debug|Any CPU.Build.0 = Debug|Any CPU
		{DADA853B-379D-489C-B6DE-C59173C95D02}.Release|Any CPU.ActiveCfg = Release|Any CPU
		{DADA853B-379D-489C-B6DE-C59173C95D02}.Release|Any CPU.Build.0 = Release|Any CPU
		{BA6753F9-6436-408B-A21A-5F817CE51700}.Debug|Any CPU.ActiveCfg = Debug|Any CPU
		{BA6753F9-6436-408B-A21A-5F817CE51700}.Debug|Any CPU.Build.0 = Debug|Any CPU
		{BA6753F9-6436-408B-A21A-5F817CE51700}.Release|Any CPU.ActiveCfg = Release|Any CPU
		{BA6753F9-6436-408B-A21A-5F817CE51700}.Release|Any CPU.Build.0 = Release|Any CPU
	EndGlobalSection
	GlobalSection(SolutionProperties) = preSolution
		HideSolutionNode = FALSE
	EndGlobalSection
	GlobalSection(ExtensibilityGlobals) = postSolution
		SolutionGuid = {FF856C8F-D3E5-4243-807C-3026A32FAF41}
	EndGlobalSection
EndGlobal
