
Microsoft Visual Studio Solution File, Format Version 12.00
# Visual Studio 15
VisualStudioVersion = 15.0.28307.438
MinimumVisualStudioVersion = 10.0.40219.1
Project("{9A19103F-16F7-4668-BE54-9A1E7A4F7556}") = "P01_StudentSystem", "P01_StudentSystem\P01_StudentSystem.csproj", "{4D3E0EE7-FDF2-465E-A076-F7B71982C2D8}"
EndProject
Project("{FAE04EC0-301F-11D3-BF4B-00C04F79EFBC}") = "P03_FootballBetting", "P03_FootballBetting\P03_FootballBetting.csproj", "{FF6FA357-34C6-4A49-881A-77473453F3AC}"
EndProject
Project("{FAE04EC0-301F-11D3-BF4B-00C04F79EFBC}") = "P03_FootballBetting.Data", "P03_FootballBetting.Data\P03_FootballBetting.Data.csproj", "{7BA5567A-FCDE-4B90-8DCB-6B42E5932314}"
EndProject
Project("{FAE04EC0-301F-11D3-BF4B-00C04F79EFBC}") = "P03_FootballBetting.Data.Models", "P03_FootballBetting.Data.Models\P03_FootballBetting.Data.Models.csproj", "{7A860DAE-5D46-49D5-AAB8-5A65CF9EC42A}"
EndProject
Global
	GlobalSection(SolutionConfigurationPlatforms) = preSolution
		Debug|Any CPU = Debug|Any CPU
		Release|Any CPU = Release|Any CPU
	EndGlobalSection
	GlobalSection(ProjectConfigurationPlatforms) = postSolution
		{4D3E0EE7-FDF2-465E-A076-F7B71982C2D8}.Debug|Any CPU.ActiveCfg = Debug|Any CPU
		{4D3E0EE7-FDF2-465E-A076-F7B71982C2D8}.Debug|Any CPU.Build.0 = Debug|Any CPU
		{4D3E0EE7-FDF2-465E-A076-F7B71982C2D8}.Release|Any CPU.ActiveCfg = Release|Any CPU
		{4D3E0EE7-FDF2-465E-A076-F7B71982C2D8}.Release|Any CPU.Build.0 = Release|Any CPU
		{FF6FA357-34C6-4A49-881A-77473453F3AC}.Debug|Any CPU.ActiveCfg = Debug|Any CPU
		{FF6FA357-34C6-4A49-881A-77473453F3AC}.Debug|Any CPU.Build.0 = Debug|Any CPU
		{FF6FA357-34C6-4A49-881A-77473453F3AC}.Release|Any CPU.ActiveCfg = Release|Any CPU
		{FF6FA357-34C6-4A49-881A-77473453F3AC}.Release|Any CPU.Build.0 = Release|Any CPU
		{7BA5567A-FCDE-4B90-8DCB-6B42E5932314}.Debug|Any CPU.ActiveCfg = Debug|Any CPU
		{7BA5567A-FCDE-4B90-8DCB-6B42E5932314}.Debug|Any CPU.Build.0 = Debug|Any CPU
		{7BA5567A-FCDE-4B90-8DCB-6B42E5932314}.Release|Any CPU.ActiveCfg = Release|Any CPU
		{7BA5567A-FCDE-4B90-8DCB-6B42E5932314}.Release|Any CPU.Build.0 = Release|Any CPU
		{7A860DAE-5D46-49D5-AAB8-5A65CF9EC42A}.Debug|Any CPU.ActiveCfg = Debug|Any CPU
		{7A860DAE-5D46-49D5-AAB8-5A65CF9EC42A}.Debug|Any CPU.Build.0 = Debug|Any CPU
		{7A860DAE-5D46-49D5-AAB8-5A65CF9EC42A}.Release|Any CPU.ActiveCfg = Release|Any CPU
		{7A860DAE-5D46-49D5-AAB8-5A65CF9EC42A}.Release|Any CPU.Build.0 = Release|Any CPU
	EndGlobalSection
	GlobalSection(SolutionProperties) = preSolution
		HideSolutionNode = FALSE
	EndGlobalSection
	GlobalSection(ExtensibilityGlobals) = postSolution
		SolutionGuid = {A75DE796-5DDE-4E57-B826-1D1228B0C972}
	EndGlobalSection
EndGlobal
