
Microsoft Visual Studio Solution File, Format Version 12.00
# Visual Studio 15
VisualStudioVersion = 15.0.27428.2037
MinimumVisualStudioVersion = 10.0.40219.1
Project("{FAE04EC0-301F-11D3-BF4B-00C04F79EFBC}") = "Hornet Wings", "Hornet Wings\Hornet Wings.csproj", "{DB5317A4-6300-4DCF-8362-B8B35C23EE05}"
EndProject
Project("{FAE04EC0-301F-11D3-BF4B-00C04F79EFBC}") = "Hornet Comm", "Hornet Comm\Hornet Comm.csproj", "{0A4D98DB-335B-4650-9F1C-21BB462C767E}"
EndProject
Project("{FAE04EC0-301F-11D3-BF4B-00C04F79EFBC}") = "HonetAssault", "HonetAssault\HonetAssault.csproj", "{A757357A-3DBC-4D55-8DAE-A41FD070AA8F}"
EndProject
Global
	GlobalSection(SolutionConfigurationPlatforms) = preSolution
		Debug|Any CPU = Debug|Any CPU
		Release|Any CPU = Release|Any CPU
	EndGlobalSection
	GlobalSection(ProjectConfigurationPlatforms) = postSolution
		{DB5317A4-6300-4DCF-8362-B8B35C23EE05}.Debug|Any CPU.ActiveCfg = Debug|Any CPU
		{DB5317A4-6300-4DCF-8362-B8B35C23EE05}.Debug|Any CPU.Build.0 = Debug|Any CPU
		{DB5317A4-6300-4DCF-8362-B8B35C23EE05}.Release|Any CPU.ActiveCfg = Release|Any CPU
		{DB5317A4-6300-4DCF-8362-B8B35C23EE05}.Release|Any CPU.Build.0 = Release|Any CPU
		{0A4D98DB-335B-4650-9F1C-21BB462C767E}.Debug|Any CPU.ActiveCfg = Debug|Any CPU
		{0A4D98DB-335B-4650-9F1C-21BB462C767E}.Debug|Any CPU.Build.0 = Debug|Any CPU
		{0A4D98DB-335B-4650-9F1C-21BB462C767E}.Release|Any CPU.ActiveCfg = Release|Any CPU
		{0A4D98DB-335B-4650-9F1C-21BB462C767E}.Release|Any CPU.Build.0 = Release|Any CPU
		{A757357A-3DBC-4D55-8DAE-A41FD070AA8F}.Debug|Any CPU.ActiveCfg = Debug|Any CPU
		{A757357A-3DBC-4D55-8DAE-A41FD070AA8F}.Debug|Any CPU.Build.0 = Debug|Any CPU
		{A757357A-3DBC-4D55-8DAE-A41FD070AA8F}.Release|Any CPU.ActiveCfg = Release|Any CPU
		{A757357A-3DBC-4D55-8DAE-A41FD070AA8F}.Release|Any CPU.Build.0 = Release|Any CPU
	EndGlobalSection
	GlobalSection(SolutionProperties) = preSolution
		HideSolutionNode = FALSE
	EndGlobalSection
	GlobalSection(ExtensibilityGlobals) = postSolution
		SolutionGuid = {5C28B9D4-A617-498D-983C-219806537C7E}
	EndGlobalSection
EndGlobal
