
Microsoft Visual Studio Solution File, Format Version 12.00
# Visual Studio 15
VisualStudioVersion = 15.0.28307.438
MinimumVisualStudioVersion = 10.0.40219.1
Project("{9A19103F-16F7-4668-BE54-9A1E7A4F7556}") = "P01_HospitalDatabase", "P01_HospitalDatabase\P01_HospitalDatabase.csproj", "{B3947318-2A3C-43C1-9639-4BD056034D42}"
EndProject
Project("{FAE04EC0-301F-11D3-BF4B-00C04F79EFBC}") = "P03_SalesDatabase", "P03_SalesDatabase\P03_SalesDatabase.csproj", "{FA065984-00E9-40CF-8817-25A46906A7E7}"
EndProject
Global
	GlobalSection(SolutionConfigurationPlatforms) = preSolution
		Debug|Any CPU = Debug|Any CPU
		Release|Any CPU = Release|Any CPU
	EndGlobalSection
	GlobalSection(ProjectConfigurationPlatforms) = postSolution
		{B3947318-2A3C-43C1-9639-4BD056034D42}.Debug|Any CPU.ActiveCfg = Debug|Any CPU
		{B3947318-2A3C-43C1-9639-4BD056034D42}.Debug|Any CPU.Build.0 = Debug|Any CPU
		{B3947318-2A3C-43C1-9639-4BD056034D42}.Release|Any CPU.ActiveCfg = Release|Any CPU
		{B3947318-2A3C-43C1-9639-4BD056034D42}.Release|Any CPU.Build.0 = Release|Any CPU
		{FA065984-00E9-40CF-8817-25A46906A7E7}.Debug|Any CPU.ActiveCfg = Debug|Any CPU
		{FA065984-00E9-40CF-8817-25A46906A7E7}.Debug|Any CPU.Build.0 = Debug|Any CPU
		{FA065984-00E9-40CF-8817-25A46906A7E7}.Release|Any CPU.ActiveCfg = Release|Any CPU
		{FA065984-00E9-40CF-8817-25A46906A7E7}.Release|Any CPU.Build.0 = Release|Any CPU
	EndGlobalSection
	GlobalSection(SolutionProperties) = preSolution
		HideSolutionNode = FALSE
	EndGlobalSection
	GlobalSection(ExtensibilityGlobals) = postSolution
		SolutionGuid = {FA4E7C7C-D6E9-4542-88BD-A8C85A5A0BEA}
	EndGlobalSection
EndGlobal
