
Microsoft Visual Studio Solution File, Format Version 12.00
# Visual Studio 15
VisualStudioVersion = 15.0.27703.2047
MinimumVisualStudioVersion = 10.0.40219.1
Project("{FAE04EC0-301F-11D3-BF4B-00C04F79EFBC}") = "NumsFromOneToFifty", "NumsFromOneToFifty\NumsFromOneToFifty.csproj", "{803FF106-194F-41DA-8277-0FF1235A213E}"
EndProject
Global
	GlobalSection(SolutionConfigurationPlatforms) = preSolution
		Debug|Any CPU = Debug|Any CPU
		Release|Any CPU = Release|Any CPU
	EndGlobalSection
	GlobalSection(ProjectConfigurationPlatforms) = postSolution
		{803FF106-194F-41DA-8277-0FF1235A213E}.Debug|Any CPU.ActiveCfg = Debug|Any CPU
		{803FF106-194F-41DA-8277-0FF1235A213E}.Debug|Any CPU.Build.0 = Debug|Any CPU
		{803FF106-194F-41DA-8277-0FF1235A213E}.Release|Any CPU.ActiveCfg = Release|Any CPU
		{803FF106-194F-41DA-8277-0FF1235A213E}.Release|Any CPU.Build.0 = Release|Any CPU
	EndGlobalSection
	GlobalSection(SolutionProperties) = preSolution
		HideSolutionNode = FALSE
	EndGlobalSection
	GlobalSection(ExtensibilityGlobals) = postSolution
		SolutionGuid = {0726CF9E-6D1F-4438-9420-C1101D7D69EF}
	EndGlobalSection
EndGlobal
