
Microsoft Visual Studio Solution File, Format Version 12.00
# Visual Studio 15
VisualStudioVersion = 15.0.27428.2037
MinimumVisualStudioVersion = 10.0.40219.1
Project("{9A19103F-16F7-4668-BE54-9A1E7A4F7556}") = "Rally", "Rally\Rally.csproj", "{5E1EDD16-A690-46AC-82FD-CA17BCEBDA95}"
EndProject
Project("{9A19103F-16F7-4668-BE54-9A1E7A4F7556}") = "WinningTicket", "WinningTicket\WinningTicket.csproj", "{15ACB887-8DEA-48FC-B588-EED4990C7A9E}"
EndProject
Project("{FAE04EC0-301F-11D3-BF4B-00C04F79EFBC}") = "Sino The Walker", "Sino The Walker\Sino The Walker.csproj", "{417BFE3F-CC15-4B77-A923-A3E8E995FFC2}"
EndProject
Project("{FAE04EC0-301F-11D3-BF4B-00C04F79EFBC}") = "Softuni Karaoke", "Softuni Karaoke\Softuni Karaoke.csproj", "{CF682D86-C87C-4837-9738-7AD183EB7F9F}"
EndProject
Global
	GlobalSection(SolutionConfigurationPlatforms) = preSolution
		Debug|Any CPU = Debug|Any CPU
		Release|Any CPU = Release|Any CPU
	EndGlobalSection
	GlobalSection(ProjectConfigurationPlatforms) = postSolution
		{5E1EDD16-A690-46AC-82FD-CA17BCEBDA95}.Debug|Any CPU.ActiveCfg = Debug|Any CPU
		{5E1EDD16-A690-46AC-82FD-CA17BCEBDA95}.Debug|Any CPU.Build.0 = Debug|Any CPU
		{5E1EDD16-A690-46AC-82FD-CA17BCEBDA95}.Release|Any CPU.ActiveCfg = Release|Any CPU
		{5E1EDD16-A690-46AC-82FD-CA17BCEBDA95}.Release|Any CPU.Build.0 = Release|Any CPU
		{15ACB887-8DEA-48FC-B588-EED4990C7A9E}.Debug|Any CPU.ActiveCfg = Debug|Any CPU
		{15ACB887-8DEA-48FC-B588-EED4990C7A9E}.Debug|Any CPU.Build.0 = Debug|Any CPU
		{15ACB887-8DEA-48FC-B588-EED4990C7A9E}.Release|Any CPU.ActiveCfg = Release|Any CPU
		{15ACB887-8DEA-48FC-B588-EED4990C7A9E}.Release|Any CPU.Build.0 = Release|Any CPU
		{417BFE3F-CC15-4B77-A923-A3E8E995FFC2}.Debug|Any CPU.ActiveCfg = Debug|Any CPU
		{417BFE3F-CC15-4B77-A923-A3E8E995FFC2}.Debug|Any CPU.Build.0 = Debug|Any CPU
		{417BFE3F-CC15-4B77-A923-A3E8E995FFC2}.Release|Any CPU.ActiveCfg = Release|Any CPU
		{417BFE3F-CC15-4B77-A923-A3E8E995FFC2}.Release|Any CPU.Build.0 = Release|Any CPU
		{CF682D86-C87C-4837-9738-7AD183EB7F9F}.Debug|Any CPU.ActiveCfg = Debug|Any CPU
		{CF682D86-C87C-4837-9738-7AD183EB7F9F}.Debug|Any CPU.Build.0 = Debug|Any CPU
		{CF682D86-C87C-4837-9738-7AD183EB7F9F}.Release|Any CPU.ActiveCfg = Release|Any CPU
		{CF682D86-C87C-4837-9738-7AD183EB7F9F}.Release|Any CPU.Build.0 = Release|Any CPU
	EndGlobalSection
	GlobalSection(SolutionProperties) = preSolution
		HideSolutionNode = FALSE
	EndGlobalSection
	GlobalSection(ExtensibilityGlobals) = postSolution
		SolutionGuid = {5C3611EA-A8F8-473A-ACB1-C01476172AD7}
	EndGlobalSection
EndGlobal
