
Microsoft Visual Studio Solution File, Format Version 12.00
# Visual Studio 15
VisualStudioVersion = 15.0.28307.102
MinimumVisualStudioVersion = 10.0.40219.1
Project("{FAE04EC0-301F-11D3-BF4B-00C04F79EFBC}") = "01.GenericBox", "01.GenericBox\01.GenericBox.csproj", "{06312BBC-9609-49FA-A639-3DD764CF5869}"
EndProject
Project("{FAE04EC0-301F-11D3-BF4B-00C04F79EFBC}") = "CustomList", "CustomList\CustomList.csproj", "{CABDAC39-0D52-4170-A0FE-1CA0E99FE1E8}"
EndProject
Project("{FAE04EC0-301F-11D3-BF4B-00C04F79EFBC}") = "CustomTuple", "Tumple\CustomTuple.csproj", "{3F458D16-847E-4526-BE03-D7EC4771182C}"
EndProject
Global
	GlobalSection(SolutionConfigurationPlatforms) = preSolution
		Debug|Any CPU = Debug|Any CPU
		Release|Any CPU = Release|Any CPU
	EndGlobalSection
	GlobalSection(ProjectConfigurationPlatforms) = postSolution
		{06312BBC-9609-49FA-A639-3DD764CF5869}.Debug|Any CPU.ActiveCfg = Debug|Any CPU
		{06312BBC-9609-49FA-A639-3DD764CF5869}.Debug|Any CPU.Build.0 = Debug|Any CPU
		{06312BBC-9609-49FA-A639-3DD764CF5869}.Release|Any CPU.ActiveCfg = Release|Any CPU
		{06312BBC-9609-49FA-A639-3DD764CF5869}.Release|Any CPU.Build.0 = Release|Any CPU
		{CABDAC39-0D52-4170-A0FE-1CA0E99FE1E8}.Debug|Any CPU.ActiveCfg = Debug|Any CPU
		{CABDAC39-0D52-4170-A0FE-1CA0E99FE1E8}.Debug|Any CPU.Build.0 = Debug|Any CPU
		{CABDAC39-0D52-4170-A0FE-1CA0E99FE1E8}.Release|Any CPU.ActiveCfg = Release|Any CPU
		{CABDAC39-0D52-4170-A0FE-1CA0E99FE1E8}.Release|Any CPU.Build.0 = Release|Any CPU
		{3F458D16-847E-4526-BE03-D7EC4771182C}.Debug|Any CPU.ActiveCfg = Debug|Any CPU
		{3F458D16-847E-4526-BE03-D7EC4771182C}.Debug|Any CPU.Build.0 = Debug|Any CPU
		{3F458D16-847E-4526-BE03-D7EC4771182C}.Release|Any CPU.ActiveCfg = Release|Any CPU
		{3F458D16-847E-4526-BE03-D7EC4771182C}.Release|Any CPU.Build.0 = Release|Any CPU
	EndGlobalSection
	GlobalSection(SolutionProperties) = preSolution
		HideSolutionNode = FALSE
	EndGlobalSection
	GlobalSection(ExtensibilityGlobals) = postSolution
		SolutionGuid = {C5568049-59D6-4412-BF87-9BA731893B53}
	EndGlobalSection
EndGlobal
