
Microsoft Visual Studio Solution File, Format Version 12.00
# Visual Studio 15
VisualStudioVersion = 15.0.27703.2047
MinimumVisualStudioVersion = 10.0.40219.1
Project("{2150E333-8FDC-42A3-9474-1A3956D46DE8}") = "Lab", "Lab", "{9D0D2DB6-78E1-46D3-B441-DCA4190A0D2E}"
EndProject
Project("{9A19103F-16F7-4668-BE54-9A1E7A4F7556}") = "Sum Matrix Elements", "Sum Matrix Elements\Sum Matrix Elements.csproj", "{FB19ED82-5113-4068-865D-661F9A8C1B83}"
EndProject
Project("{9A19103F-16F7-4668-BE54-9A1E7A4F7556}") = "Square With Maximum Sum", "Square With Maximum Sum\Square With Maximum Sum.csproj", "{7A0048B4-0AA6-4543-BC4F-79D71DFB1A4B}"
EndProject
Project("{FAE04EC0-301F-11D3-BF4B-00C04F79EFBC}") = "Group Numbers", "Group Numbers\Group Numbers.csproj", "{F178F724-7BDF-44FA-B76F-D9C20B9646C3}"
EndProject
Project("{FAE04EC0-301F-11D3-BF4B-00C04F79EFBC}") = "Pascal Triangle", "Pascal Triangle\Pascal Triangle.csproj", "{242EC76C-DD82-47E6-BEA6-3AE47FF652B6}"
EndProject
Project("{2150E333-8FDC-42A3-9474-1A3956D46DE8}") = "Exercise", "Exercise", "{63688B40-54F2-4549-9E64-C170F9BE215A}"
EndProject
Project("{FAE04EC0-301F-11D3-BF4B-00C04F79EFBC}") = "Matrix of Palindromes", "ConsoleApp1\Matrix of Palindromes.csproj", "{B1C9A36A-FCB5-4436-B798-663A8969D49E}"
EndProject
Project("{9A19103F-16F7-4668-BE54-9A1E7A4F7556}") = "Diagonal Difference", "Diagonal Difference\Diagonal Difference.csproj", "{1BEE3AA8-791F-43FC-8A90-8517DC25D4F0}"
EndProject
Project("{FAE04EC0-301F-11D3-BF4B-00C04F79EFBC}") = "2x2 Squares in Matrix", "2x2 Squares in Matrix\2x2 Squares in Matrix.csproj", "{C5E2875A-EF8C-4A7B-B9CD-D66056E073D5}"
EndProject
Project("{9A19103F-16F7-4668-BE54-9A1E7A4F7556}") = "Maximal Sum", "Maximal Sum\Maximal Sum.csproj", "{C6A7D357-37DF-48E5-A7C7-0ED5D0AC500F}"
EndProject
Project("{FAE04EC0-301F-11D3-BF4B-00C04F79EFBC}") = "Parking System", "Parking System\Parking System.csproj", "{E7F56E1D-7222-4CE2-B94C-8436EBB0AF1C}"
EndProject
Project("{FAE04EC0-301F-11D3-BF4B-00C04F79EFBC}") = "Primary Diagonal", "Primary Diagonal\Primary Diagonal.csproj", "{69AD5B21-EB34-4080-A2A7-9A557B5A76FB}"
EndProject
Project("{FAE04EC0-301F-11D3-BF4B-00C04F79EFBC}") = "Symbol in matrix", "Symbol in matrix\Symbol in matrix.csproj", "{A9912DEB-9EAB-4D9B-9B4D-E0CD63B33CA8}"
EndProject
Project("{FAE04EC0-301F-11D3-BF4B-00C04F79EFBC}") = "Square With Max Sum", "Square With Max Sum\Square With Max Sum.csproj", "{878F4A58-B587-4B8D-B490-DC57B749C75E}"
EndProject
Project("{FAE04EC0-301F-11D3-BF4B-00C04F79EFBC}") = "JaggedArrayModification", "JaggedArrayModification\JaggedArrayModification.csproj", "{1C59F7C6-90AB-476C-92C2-1D030D2D47A8}"
EndProject
Project("{FAE04EC0-301F-11D3-BF4B-00C04F79EFBC}") = "GroupNumbers", "GroupNumbers\GroupNumbers.csproj", "{418D8C27-6B2F-4E83-BF7B-DAC9B4E9EFCF}"
EndProject
Project("{9A19103F-16F7-4668-BE54-9A1E7A4F7556}") = "Matrix of Palindromes", "Matrix of Palindromes\Matrix of Palindromes.csproj", "{8EFC999D-67E4-4804-87DF-3F4476D9116A}"
EndProject
Project("{9A19103F-16F7-4668-BE54-9A1E7A4F7556}") = "2x2 Square In Matrix", "2x2 Square In Matrix\2x2 Square In Matrix.csproj", "{DE29621E-46A5-47AA-80F6-A94B3BF024D7}"
EndProject
Project("{9A19103F-16F7-4668-BE54-9A1E7A4F7556}") = "Rubik Matrix", "Rubik Matrix\Rubik Matrix.csproj", "{8614842C-302B-4906-8D43-C15F5F9F6CD9}"
EndProject
Project("{FAE04EC0-301F-11D3-BF4B-00C04F79EFBC}") = "Target Practisee", "Target Practisee\Target Practisee.csproj", "{7A067B0D-7A21-4614-9C2B-FAD21EBC6517}"
EndProject
Global
	GlobalSection(SolutionConfigurationPlatforms) = preSolution
		Debug|Any CPU = Debug|Any CPU
		Release|Any CPU = Release|Any CPU
	EndGlobalSection
	GlobalSection(ProjectConfigurationPlatforms) = postSolution
		{FB19ED82-5113-4068-865D-661F9A8C1B83}.Debug|Any CPU.ActiveCfg = Debug|Any CPU
		{FB19ED82-5113-4068-865D-661F9A8C1B83}.Debug|Any CPU.Build.0 = Debug|Any CPU
		{FB19ED82-5113-4068-865D-661F9A8C1B83}.Release|Any CPU.ActiveCfg = Release|Any CPU
		{FB19ED82-5113-4068-865D-661F9A8C1B83}.Release|Any CPU.Build.0 = Release|Any CPU
		{7A0048B4-0AA6-4543-BC4F-79D71DFB1A4B}.Debug|Any CPU.ActiveCfg = Debug|Any CPU
		{7A0048B4-0AA6-4543-BC4F-79D71DFB1A4B}.Debug|Any CPU.Build.0 = Debug|Any CPU
		{7A0048B4-0AA6-4543-BC4F-79D71DFB1A4B}.Release|Any CPU.ActiveCfg = Release|Any CPU
		{7A0048B4-0AA6-4543-BC4F-79D71DFB1A4B}.Release|Any CPU.Build.0 = Release|Any CPU
		{F178F724-7BDF-44FA-B76F-D9C20B9646C3}.Debug|Any CPU.ActiveCfg = Debug|Any CPU
		{F178F724-7BDF-44FA-B76F-D9C20B9646C3}.Debug|Any CPU.Build.0 = Debug|Any CPU
		{F178F724-7BDF-44FA-B76F-D9C20B9646C3}.Release|Any CPU.ActiveCfg = Release|Any CPU
		{F178F724-7BDF-44FA-B76F-D9C20B9646C3}.Release|Any CPU.Build.0 = Release|Any CPU
		{242EC76C-DD82-47E6-BEA6-3AE47FF652B6}.Debug|Any CPU.ActiveCfg = Debug|Any CPU
		{242EC76C-DD82-47E6-BEA6-3AE47FF652B6}.Debug|Any CPU.Build.0 = Debug|Any CPU
		{242EC76C-DD82-47E6-BEA6-3AE47FF652B6}.Release|Any CPU.ActiveCfg = Release|Any CPU
		{242EC76C-DD82-47E6-BEA6-3AE47FF652B6}.Release|Any CPU.Build.0 = Release|Any CPU
		{B1C9A36A-FCB5-4436-B798-663A8969D49E}.Debug|Any CPU.ActiveCfg = Debug|Any CPU
		{B1C9A36A-FCB5-4436-B798-663A8969D49E}.Debug|Any CPU.Build.0 = Debug|Any CPU
		{B1C9A36A-FCB5-4436-B798-663A8969D49E}.Release|Any CPU.ActiveCfg = Release|Any CPU
		{B1C9A36A-FCB5-4436-B798-663A8969D49E}.Release|Any CPU.Build.0 = Release|Any CPU
		{1BEE3AA8-791F-43FC-8A90-8517DC25D4F0}.Debug|Any CPU.ActiveCfg = Debug|Any CPU
		{1BEE3AA8-791F-43FC-8A90-8517DC25D4F0}.Debug|Any CPU.Build.0 = Debug|Any CPU
		{1BEE3AA8-791F-43FC-8A90-8517DC25D4F0}.Release|Any CPU.ActiveCfg = Release|Any CPU
		{1BEE3AA8-791F-43FC-8A90-8517DC25D4F0}.Release|Any CPU.Build.0 = Release|Any CPU
		{C5E2875A-EF8C-4A7B-B9CD-D66056E073D5}.Debug|Any CPU.ActiveCfg = Debug|Any CPU
		{C5E2875A-EF8C-4A7B-B9CD-D66056E073D5}.Debug|Any CPU.Build.0 = Debug|Any CPU
		{C5E2875A-EF8C-4A7B-B9CD-D66056E073D5}.Release|Any CPU.ActiveCfg = Release|Any CPU
		{C5E2875A-EF8C-4A7B-B9CD-D66056E073D5}.Release|Any CPU.Build.0 = Release|Any CPU
		{C6A7D357-37DF-48E5-A7C7-0ED5D0AC500F}.Debug|Any CPU.ActiveCfg = Debug|Any CPU
		{C6A7D357-37DF-48E5-A7C7-0ED5D0AC500F}.Debug|Any CPU.Build.0 = Debug|Any CPU
		{C6A7D357-37DF-48E5-A7C7-0ED5D0AC500F}.Release|Any CPU.ActiveCfg = Release|Any CPU
		{C6A7D357-37DF-48E5-A7C7-0ED5D0AC500F}.Release|Any CPU.Build.0 = Release|Any CPU
		{E7F56E1D-7222-4CE2-B94C-8436EBB0AF1C}.Debug|Any CPU.ActiveCfg = Debug|Any CPU
		{E7F56E1D-7222-4CE2-B94C-8436EBB0AF1C}.Debug|Any CPU.Build.0 = Debug|Any CPU
		{E7F56E1D-7222-4CE2-B94C-8436EBB0AF1C}.Release|Any CPU.ActiveCfg = Release|Any CPU
		{E7F56E1D-7222-4CE2-B94C-8436EBB0AF1C}.Release|Any CPU.Build.0 = Release|Any CPU
		{69AD5B21-EB34-4080-A2A7-9A557B5A76FB}.Debug|Any CPU.ActiveCfg = Debug|Any CPU
		{69AD5B21-EB34-4080-A2A7-9A557B5A76FB}.Debug|Any CPU.Build.0 = Debug|Any CPU
		{69AD5B21-EB34-4080-A2A7-9A557B5A76FB}.Release|Any CPU.ActiveCfg = Release|Any CPU
		{69AD5B21-EB34-4080-A2A7-9A557B5A76FB}.Release|Any CPU.Build.0 = Release|Any CPU
		{A9912DEB-9EAB-4D9B-9B4D-E0CD63B33CA8}.Debug|Any CPU.ActiveCfg = Debug|Any CPU
		{A9912DEB-9EAB-4D9B-9B4D-E0CD63B33CA8}.Debug|Any CPU.Build.0 = Debug|Any CPU
		{A9912DEB-9EAB-4D9B-9B4D-E0CD63B33CA8}.Release|Any CPU.ActiveCfg = Release|Any CPU
		{A9912DEB-9EAB-4D9B-9B4D-E0CD63B33CA8}.Release|Any CPU.Build.0 = Release|Any CPU
		{878F4A58-B587-4B8D-B490-DC57B749C75E}.Debug|Any CPU.ActiveCfg = Debug|Any CPU
		{878F4A58-B587-4B8D-B490-DC57B749C75E}.Debug|Any CPU.Build.0 = Debug|Any CPU
		{878F4A58-B587-4B8D-B490-DC57B749C75E}.Release|Any CPU.ActiveCfg = Release|Any CPU
		{878F4A58-B587-4B8D-B490-DC57B749C75E}.Release|Any CPU.Build.0 = Release|Any CPU
		{1C59F7C6-90AB-476C-92C2-1D030D2D47A8}.Debug|Any CPU.ActiveCfg = Debug|Any CPU
		{1C59F7C6-90AB-476C-92C2-1D030D2D47A8}.Debug|Any CPU.Build.0 = Debug|Any CPU
		{1C59F7C6-90AB-476C-92C2-1D030D2D47A8}.Release|Any CPU.ActiveCfg = Release|Any CPU
		{1C59F7C6-90AB-476C-92C2-1D030D2D47A8}.Release|Any CPU.Build.0 = Release|Any CPU
		{418D8C27-6B2F-4E83-BF7B-DAC9B4E9EFCF}.Debug|Any CPU.ActiveCfg = Debug|Any CPU
		{418D8C27-6B2F-4E83-BF7B-DAC9B4E9EFCF}.Debug|Any CPU.Build.0 = Debug|Any CPU
		{418D8C27-6B2F-4E83-BF7B-DAC9B4E9EFCF}.Release|Any CPU.ActiveCfg = Release|Any CPU
		{418D8C27-6B2F-4E83-BF7B-DAC9B4E9EFCF}.Release|Any CPU.Build.0 = Release|Any CPU
		{8EFC999D-67E4-4804-87DF-3F4476D9116A}.Debug|Any CPU.ActiveCfg = Debug|Any CPU
		{8EFC999D-67E4-4804-87DF-3F4476D9116A}.Debug|Any CPU.Build.0 = Debug|Any CPU
		{8EFC999D-67E4-4804-87DF-3F4476D9116A}.Release|Any CPU.ActiveCfg = Release|Any CPU
		{8EFC999D-67E4-4804-87DF-3F4476D9116A}.Release|Any CPU.Build.0 = Release|Any CPU
		{DE29621E-46A5-47AA-80F6-A94B3BF024D7}.Debug|Any CPU.ActiveCfg = Debug|Any CPU
		{DE29621E-46A5-47AA-80F6-A94B3BF024D7}.Debug|Any CPU.Build.0 = Debug|Any CPU
		{DE29621E-46A5-47AA-80F6-A94B3BF024D7}.Release|Any CPU.ActiveCfg = Release|Any CPU
		{DE29621E-46A5-47AA-80F6-A94B3BF024D7}.Release|Any CPU.Build.0 = Release|Any CPU
		{8614842C-302B-4906-8D43-C15F5F9F6CD9}.Debug|Any CPU.ActiveCfg = Debug|Any CPU
		{8614842C-302B-4906-8D43-C15F5F9F6CD9}.Debug|Any CPU.Build.0 = Debug|Any CPU
		{8614842C-302B-4906-8D43-C15F5F9F6CD9}.Release|Any CPU.ActiveCfg = Release|Any CPU
		{8614842C-302B-4906-8D43-C15F5F9F6CD9}.Release|Any CPU.Build.0 = Release|Any CPU
		{7A067B0D-7A21-4614-9C2B-FAD21EBC6517}.Debug|Any CPU.ActiveCfg = Debug|Any CPU
		{7A067B0D-7A21-4614-9C2B-FAD21EBC6517}.Debug|Any CPU.Build.0 = Debug|Any CPU
		{7A067B0D-7A21-4614-9C2B-FAD21EBC6517}.Release|Any CPU.ActiveCfg = Release|Any CPU
		{7A067B0D-7A21-4614-9C2B-FAD21EBC6517}.Release|Any CPU.Build.0 = Release|Any CPU
	EndGlobalSection
	GlobalSection(SolutionProperties) = preSolution
		HideSolutionNode = FALSE
	EndGlobalSection
	GlobalSection(NestedProjects) = preSolution
		{FB19ED82-5113-4068-865D-661F9A8C1B83} = {9D0D2DB6-78E1-46D3-B441-DCA4190A0D2E}
		{7A0048B4-0AA6-4543-BC4F-79D71DFB1A4B} = {9D0D2DB6-78E1-46D3-B441-DCA4190A0D2E}
		{F178F724-7BDF-44FA-B76F-D9C20B9646C3} = {9D0D2DB6-78E1-46D3-B441-DCA4190A0D2E}
		{242EC76C-DD82-47E6-BEA6-3AE47FF652B6} = {9D0D2DB6-78E1-46D3-B441-DCA4190A0D2E}
		{B1C9A36A-FCB5-4436-B798-663A8969D49E} = {63688B40-54F2-4549-9E64-C170F9BE215A}
		{1BEE3AA8-791F-43FC-8A90-8517DC25D4F0} = {63688B40-54F2-4549-9E64-C170F9BE215A}
		{C5E2875A-EF8C-4A7B-B9CD-D66056E073D5} = {63688B40-54F2-4549-9E64-C170F9BE215A}
		{C6A7D357-37DF-48E5-A7C7-0ED5D0AC500F} = {63688B40-54F2-4549-9E64-C170F9BE215A}
		{E7F56E1D-7222-4CE2-B94C-8436EBB0AF1C} = {63688B40-54F2-4549-9E64-C170F9BE215A}
		{69AD5B21-EB34-4080-A2A7-9A557B5A76FB} = {9D0D2DB6-78E1-46D3-B441-DCA4190A0D2E}
		{A9912DEB-9EAB-4D9B-9B4D-E0CD63B33CA8} = {9D0D2DB6-78E1-46D3-B441-DCA4190A0D2E}
		{878F4A58-B587-4B8D-B490-DC57B749C75E} = {9D0D2DB6-78E1-46D3-B441-DCA4190A0D2E}
		{1C59F7C6-90AB-476C-92C2-1D030D2D47A8} = {9D0D2DB6-78E1-46D3-B441-DCA4190A0D2E}
		{418D8C27-6B2F-4E83-BF7B-DAC9B4E9EFCF} = {9D0D2DB6-78E1-46D3-B441-DCA4190A0D2E}
	EndGlobalSection
	GlobalSection(ExtensibilityGlobals) = postSolution
		SolutionGuid = {250BE1AC-48AC-4EC6-9E48-1E9961F62828}
	EndGlobalSection
EndGlobal
