
Microsoft Visual Studio Solution File, Format Version 12.00
# Visual Studio 15
VisualStudioVersion = 15.0.28307.102
MinimumVisualStudioVersion = 10.0.40219.1
Project("{FAE04EC0-301F-11D3-BF4B-00C04F79EFBC}") = "ListIterator", "ListIterator\ListIterator.csproj", "{5435FDA2-FCC4-4790-83BC-4B1EC684C64B}"
EndProject
Project("{FAE04EC0-301F-11D3-BF4B-00C04F79EFBC}") = "Stack", "Stack\Stack.csproj", "{D4ACD8ED-B43B-4FC4-BEA2-4DF6CCF17CF3}"
EndProject
Project("{FAE04EC0-301F-11D3-BF4B-00C04F79EFBC}") = "Froggy", "Froggy\Froggy.csproj", "{F271FCFC-8DE7-4E6C-AC06-FA0BAECE9DB4}"
EndProject
Project("{FAE04EC0-301F-11D3-BF4B-00C04F79EFBC}") = "ComparingObjects", "ComparingObjects\ComparingObjects.csproj", "{61B42FDA-8EA7-483E-945C-F0CC773E08C3}"
EndProject
Project("{FAE04EC0-301F-11D3-BF4B-00C04F79EFBC}") = "StrategyPattern", "StrategyPattern\StrategyPattern.csproj", "{0A470ABD-4BE7-4130-B1C7-914A0ABBBB30}"
EndProject
Global
	GlobalSection(SolutionConfigurationPlatforms) = preSolution
		Debug|Any CPU = Debug|Any CPU
		Release|Any CPU = Release|Any CPU
	EndGlobalSection
	GlobalSection(ProjectConfigurationPlatforms) = postSolution
		{5435FDA2-FCC4-4790-83BC-4B1EC684C64B}.Debug|Any CPU.ActiveCfg = Debug|Any CPU
		{5435FDA2-FCC4-4790-83BC-4B1EC684C64B}.Debug|Any CPU.Build.0 = Debug|Any CPU
		{5435FDA2-FCC4-4790-83BC-4B1EC684C64B}.Release|Any CPU.ActiveCfg = Release|Any CPU
		{5435FDA2-FCC4-4790-83BC-4B1EC684C64B}.Release|Any CPU.Build.0 = Release|Any CPU
		{D4ACD8ED-B43B-4FC4-BEA2-4DF6CCF17CF3}.Debug|Any CPU.ActiveCfg = Debug|Any CPU
		{D4ACD8ED-B43B-4FC4-BEA2-4DF6CCF17CF3}.Debug|Any CPU.Build.0 = Debug|Any CPU
		{D4ACD8ED-B43B-4FC4-BEA2-4DF6CCF17CF3}.Release|Any CPU.ActiveCfg = Release|Any CPU
		{D4ACD8ED-B43B-4FC4-BEA2-4DF6CCF17CF3}.Release|Any CPU.Build.0 = Release|Any CPU
		{F271FCFC-8DE7-4E6C-AC06-FA0BAECE9DB4}.Debug|Any CPU.ActiveCfg = Debug|Any CPU
		{F271FCFC-8DE7-4E6C-AC06-FA0BAECE9DB4}.Debug|Any CPU.Build.0 = Debug|Any CPU
		{F271FCFC-8DE7-4E6C-AC06-FA0BAECE9DB4}.Release|Any CPU.ActiveCfg = Release|Any CPU
		{F271FCFC-8DE7-4E6C-AC06-FA0BAECE9DB4}.Release|Any CPU.Build.0 = Release|Any CPU
		{61B42FDA-8EA7-483E-945C-F0CC773E08C3}.Debug|Any CPU.ActiveCfg = Debug|Any CPU
		{61B42FDA-8EA7-483E-945C-F0CC773E08C3}.Debug|Any CPU.Build.0 = Debug|Any CPU
		{61B42FDA-8EA7-483E-945C-F0CC773E08C3}.Release|Any CPU.ActiveCfg = Release|Any CPU
		{61B42FDA-8EA7-483E-945C-F0CC773E08C3}.Release|Any CPU.Build.0 = Release|Any CPU
		{0A470ABD-4BE7-4130-B1C7-914A0ABBBB30}.Debug|Any CPU.ActiveCfg = Debug|Any CPU
		{0A470ABD-4BE7-4130-B1C7-914A0ABBBB30}.Debug|Any CPU.Build.0 = Debug|Any CPU
		{0A470ABD-4BE7-4130-B1C7-914A0ABBBB30}.Release|Any CPU.ActiveCfg = Release|Any CPU
		{0A470ABD-4BE7-4130-B1C7-914A0ABBBB30}.Release|Any CPU.Build.0 = Release|Any CPU
	EndGlobalSection
	GlobalSection(SolutionProperties) = preSolution
		HideSolutionNode = FALSE
	EndGlobalSection
	GlobalSection(ExtensibilityGlobals) = postSolution
		SolutionGuid = {2A22C729-4AC3-497B-AF07-7A188973280F}
	EndGlobalSection
EndGlobal
